
Microsoft Visual Studio Solution File, Format Version 12.00
# Visual Studio 15
VisualStudioVersion = 15.0.27130.2027
MinimumVisualStudioVersion = 10.0.40219.1
Project("{FAE04EC0-301F-11D3-BF4B-00C04F79EFBC}") = "registration", "registration\registration.csproj", "{BDF1AF4F-3E2F-4291-8D9D-F9C667B868C7}"
EndProject
Global
	GlobalSection(SolutionConfigurationPlatforms) = preSolution
		Debug|Any CPU = Debug|Any CPU
		Release|Any CPU = Release|Any CPU
	EndGlobalSection
	GlobalSection(ProjectConfigurationPlatforms) = postSolution
		{BDF1AF4F-3E2F-4291-8D9D-F9C667B868C7}.Debug|Any CPU.ActiveCfg = Debug|Any CPU
		{BDF1AF4F-3E2F-4291-8D9D-F9C667B868C7}.Debug|Any CPU.Build.0 = Debug|Any CPU
		{BDF1AF4F-3E2F-4291-8D9D-F9C667B868C7}.Release|Any CPU.ActiveCfg = Release|Any CPU
		{BDF1AF4F-3E2F-4291-8D9D-F9C667B868C7}.Release|Any CPU.Build.0 = Release|Any CPU
	EndGlobalSection
	GlobalSection(SolutionProperties) = preSolution
		HideSolutionNode = FALSE
	EndGlobalSection
	GlobalSection(ExtensibilityGlobals) = postSolution
		SolutionGuid = {486F01A5-AF91-4D11-BB4C-34CFE7672A87}
	EndGlobalSection
EndGlobal
