
Microsoft Visual Studio Solution File, Format Version 12.00
# Visual Studio 15
VisualStudioVersion = 15.0.27703.2047
MinimumVisualStudioVersion = 10.0.40219.1
Project("{FAE04EC0-301F-11D3-BF4B-00C04F79EFBC}") = "registration_v1.Android", "registration_v1\registration_v1.Android\registration_v1.Android.csproj", "{6D367409-E8A4-413E-97C4-D941B50F9910}"
EndProject
Project("{FAE04EC0-301F-11D3-BF4B-00C04F79EFBC}") = "registration_v1.iOS", "registration_v1\registration_v1.iOS\registration_v1.iOS.csproj", "{AF5259BE-1458-47BE-A5C9-1FCB411704D4}"
EndProject
Project("{FAE04EC0-301F-11D3-BF4B-00C04F79EFBC}") = "registration_v1.UWP", "registration_v1\registration_v1.UWP\registration_v1.UWP.csproj", "{A66F1BE6-8E28-4DD7-90FD-8CA97362693F}"
EndProject
Project("{D954291E-2A0B-460D-934E-DC6B0785DB48}") = "registration_v1", "registration_v1\registration_v1\registration_v1.shproj", "{D643F5B5-B1FF-49E0-978C-20CFF5F4DA22}"
EndProject
Global
	GlobalSection(SharedMSBuildProjectFiles) = preSolution
		registration_v1\registration_v1\registration_v1.projitems*{6d367409-e8a4-413e-97c4-d941b50f9910}*SharedItemsImports = 4
		registration_v1\registration_v1\registration_v1.projitems*{a66f1be6-8e28-4dd7-90fd-8ca97362693f}*SharedItemsImports = 4
		registration_v1\registration_v1\registration_v1.projitems*{af5259be-1458-47be-a5c9-1fcb411704d4}*SharedItemsImports = 4
		registration_v1\registration_v1\registration_v1.projitems*{d643f5b5-b1ff-49e0-978c-20cff5f4da22}*SharedItemsImports = 13
	EndGlobalSection
	GlobalSection(SolutionConfigurationPlatforms) = preSolution
		Debug|Any CPU = Debug|Any CPU
		Debug|ARM = Debug|ARM
		Debug|iPhone = Debug|iPhone
		Debug|iPhoneSimulator = Debug|iPhoneSimulator
		Debug|x64 = Debug|x64
		Debug|x86 = Debug|x86
		Release|Any CPU = Release|Any CPU
		Release|ARM = Release|ARM
		Release|iPhone = Release|iPhone
		Release|iPhoneSimulator = Release|iPhoneSimulator
		Release|x64 = Release|x64
		Release|x86 = Release|x86
	EndGlobalSection
	GlobalSection(ProjectConfigurationPlatforms) = postSolution
		{6D367409-E8A4-413E-97C4-D941B50F9910}.Debug|Any CPU.ActiveCfg = Debug|Any CPU
		{6D367409-E8A4-413E-97C4-D941B50F9910}.Debug|Any CPU.Build.0 = Debug|Any CPU
		{6D367409-E8A4-413E-97C4-D941B50F9910}.Debug|Any CPU.Deploy.0 = Debug|Any CPU
		{6D367409-E8A4-413E-97C4-D941B50F9910}.Debug|ARM.ActiveCfg = Debug|Any CPU
		{6D367409-E8A4-413E-97C4-D941B50F9910}.Debug|ARM.Build.0 = Debug|Any CPU
		{6D367409-E8A4-413E-97C4-D941B50F9910}.Debug|ARM.Deploy.0 = Debug|Any CPU
		{6D367409-E8A4-413E-97C4-D941B50F9910}.Debug|iPhone.ActiveCfg = Debug|Any CPU
		{6D367409-E8A4-413E-97C4-D941B50F9910}.Debug|iPhone.Build.0 = Debug|Any CPU
		{6D367409-E8A4-413E-97C4-D941B50F9910}.Debug|iPhone.Deploy.0 = Debug|Any CPU
		{6D367409-E8A4-413E-97C4-D941B50F9910}.Debug|iPhoneSimulator.ActiveCfg = Debug|Any CPU
		{6D367409-E8A4-413E-97C4-D941B50F9910}.Debug|iPhoneSimulator.Build.0 = Debug|Any CPU
		{6D367409-E8A4-413E-97C4-D941B50F9910}.Debug|iPhoneSimulator.Deploy.0 = Debug|Any CPU
		{6D367409-E8A4-413E-97C4-D941B50F9910}.Debug|x64.ActiveCfg = Debug|Any CPU
		{6D367409-E8A4-413E-97C4-D941B50F9910}.Debug|x64.Build.0 = Debug|Any CPU
		{6D367409-E8A4-413E-97C4-D941B50F9910}.Debug|x64.Deploy.0 = Debug|Any CPU
		{6D367409-E8A4-413E-97C4-D941B50F9910}.Debug|x86.ActiveCfg = Debug|Any CPU
		{6D367409-E8A4-413E-97C4-D941B50F9910}.Debug|x86.Build.0 = Debug|Any CPU
		{6D367409-E8A4-413E-97C4-D941B50F9910}.Debug|x86.Deploy.0 = Debug|Any CPU
		{6D367409-E8A4-413E-97C4-D941B50F9910}.Release|Any CPU.ActiveCfg = Release|Any CPU
		{6D367409-E8A4-413E-97C4-D941B50F9910}.Release|Any CPU.Build.0 = Release|Any CPU
		{6D367409-E8A4-413E-97C4-D941B50F9910}.Release|Any CPU.Deploy.0 = Release|Any CPU
		{6D367409-E8A4-413E-97C4-D941B50F9910}.Release|ARM.ActiveCfg = Release|Any CPU
		{6D367409-E8A4-413E-97C4-D941B50F9910}.Release|ARM.Build.0 = Release|Any CPU
		{6D367409-E8A4-413E-97C4-D941B50F9910}.Release|ARM.Deploy.0 = Release|Any CPU
		{6D367409-E8A4-413E-97C4-D941B50F9910}.Release|iPhone.ActiveCfg = Release|Any CPU
		{6D367409-E8A4-413E-97C4-D941B50F9910}.Release|iPhone.Build.0 = Release|Any CPU
		{6D367409-E8A4-413E-97C4-D941B50F9910}.Release|iPhone.Deploy.0 = Release|Any CPU
		{6D367409-E8A4-413E-97C4-D941B50F9910}.Release|iPhoneSimulator.ActiveCfg = Release|Any CPU
		{6D367409-E8A4-413E-97C4-D941B50F9910}.Release|iPhoneSimulator.Build.0 = Release|Any CPU
		{6D367409-E8A4-413E-97C4-D941B50F9910}.Release|iPhoneSimulator.Deploy.0 = Release|Any CPU
		{6D367409-E8A4-413E-97C4-D941B50F9910}.Release|x64.ActiveCfg = Release|Any CPU
		{6D367409-E8A4-413E-97C4-D941B50F9910}.Release|x64.Build.0 = Release|Any CPU
		{6D367409-E8A4-413E-97C4-D941B50F9910}.Release|x64.Deploy.0 = Release|Any CPU
		{6D367409-E8A4-413E-97C4-D941B50F9910}.Release|x86.ActiveCfg = Release|Any CPU
		{6D367409-E8A4-413E-97C4-D941B50F9910}.Release|x86.Build.0 = Release|Any CPU
		{6D367409-E8A4-413E-97C4-D941B50F9910}.Release|x86.Deploy.0 = Release|Any CPU
		{AF5259BE-1458-47BE-A5C9-1FCB411704D4}.Debug|Any CPU.ActiveCfg = Debug|iPhone
		{AF5259BE-1458-47BE-A5C9-1FCB411704D4}.Debug|Any CPU.Build.0 = Debug|iPhone
		{AF5259BE-1458-47BE-A5C9-1FCB411704D4}.Debug|Any CPU.Deploy.0 = Debug|iPhone
		{AF5259BE-1458-47BE-A5C9-1FCB411704D4}.Debug|ARM.ActiveCfg = Debug|iPhone
		{AF5259BE-1458-47BE-A5C9-1FCB411704D4}.Debug|ARM.Build.0 = Debug|iPhone
		{AF5259BE-1458-47BE-A5C9-1FCB411704D4}.Debug|ARM.Deploy.0 = Debug|iPhone
		{AF5259BE-1458-47BE-A5C9-1FCB411704D4}.Debug|iPhone.ActiveCfg = Debug|iPhone
		{AF5259BE-1458-47BE-A5C9-1FCB411704D4}.Debug|iPhone.Build.0 = Debug|iPhone
		{AF5259BE-1458-47BE-A5C9-1FCB411704D4}.Debug|iPhone.Deploy.0 = Debug|iPhone
		{AF5259BE-1458-47BE-A5C9-1FCB411704D4}.Debug|iPhoneSimulator.ActiveCfg = Debug|iPhoneSimulator
		{AF5259BE-1458-47BE-A5C9-1FCB411704D4}.Debug|iPhoneSimulator.Build.0 = Debug|iPhoneSimulator
		{AF5259BE-1458-47BE-A5C9-1FCB411704D4}.Debug|iPhoneSimulator.Deploy.0 = Debug|iPhoneSimulator
		{AF5259BE-1458-47BE-A5C9-1FCB411704D4}.Debug|x64.ActiveCfg = Debug|iPhone
		{AF5259BE-1458-47BE-A5C9-1FCB411704D4}.Debug|x64.Build.0 = Debug|iPhone
		{AF5259BE-1458-47BE-A5C9-1FCB411704D4}.Debug|x64.Deploy.0 = Debug|iPhone
		{AF5259BE-1458-47BE-A5C9-1FCB411704D4}.Debug|x86.ActiveCfg = Debug|iPhoneSimulator
		{AF5259BE-1458-47BE-A5C9-1FCB411704D4}.Debug|x86.Build.0 = Debug|iPhoneSimulator
		{AF5259BE-1458-47BE-A5C9-1FCB411704D4}.Debug|x86.Deploy.0 = Debug|iPhoneSimulator
		{AF5259BE-1458-47BE-A5C9-1FCB411704D4}.Release|Any CPU.ActiveCfg = Release|iPhone
		{AF5259BE-1458-47BE-A5C9-1FCB411704D4}.Release|Any CPU.Build.0 = Release|iPhone
		{AF5259BE-1458-47BE-A5C9-1FCB411704D4}.Release|Any CPU.Deploy.0 = Release|iPhone
		{AF5259BE-1458-47BE-A5C9-1FCB411704D4}.Release|ARM.ActiveCfg = Release|iPhone
		{AF5259BE-1458-47BE-A5C9-1FCB411704D4}.Release|ARM.Build.0 = Release|iPhone
		{AF5259BE-1458-47BE-A5C9-1FCB411704D4}.Release|ARM.Deploy.0 = Release|iPhone
		{AF5259BE-1458-47BE-A5C9-1FCB411704D4}.Release|iPhone.ActiveCfg = Release|iPhone
		{AF5259BE-1458-47BE-A5C9-1FCB411704D4}.Release|iPhone.Build.0 = Release|iPhone
		{AF5259BE-1458-47BE-A5C9-1FCB411704D4}.Release|iPhone.Deploy.0 = Release|iPhone
		{AF5259BE-1458-47BE-A5C9-1FCB411704D4}.Release|iPhoneSimulator.ActiveCfg = Release|iPhoneSimulator
		{AF5259BE-1458-47BE-A5C9-1FCB411704D4}.Release|iPhoneSimulator.Build.0 = Release|iPhoneSimulator
		{AF5259BE-1458-47BE-A5C9-1FCB411704D4}.Release|iPhoneSimulator.Deploy.0 = Release|iPhoneSimulator
		{AF5259BE-1458-47BE-A5C9-1FCB411704D4}.Release|x64.ActiveCfg = Release|iPhone
		{AF5259BE-1458-47BE-A5C9-1FCB411704D4}.Release|x64.Build.0 = Release|iPhone
		{AF5259BE-1458-47BE-A5C9-1FCB411704D4}.Release|x64.Deploy.0 = Release|iPhone
		{AF5259BE-1458-47BE-A5C9-1FCB411704D4}.Release|x86.ActiveCfg = Release|iPhone
		{AF5259BE-1458-47BE-A5C9-1FCB411704D4}.Release|x86.Build.0 = Release|iPhone
		{AF5259BE-1458-47BE-A5C9-1FCB411704D4}.Release|x86.Deploy.0 = Release|iPhone
		{A66F1BE6-8E28-4DD7-90FD-8CA97362693F}.Debug|Any CPU.ActiveCfg = Debug|x86
		{A66F1BE6-8E28-4DD7-90FD-8CA97362693F}.Debug|Any CPU.Build.0 = Debug|x86
		{A66F1BE6-8E28-4DD7-90FD-8CA97362693F}.Debug|Any CPU.Deploy.0 = Debug|x86
		{A66F1BE6-8E28-4DD7-90FD-8CA97362693F}.Debug|ARM.ActiveCfg = Debug|ARM
		{A66F1BE6-8E28-4DD7-90FD-8CA97362693F}.Debug|ARM.Build.0 = Debug|ARM
		{A66F1BE6-8E28-4DD7-90FD-8CA97362693F}.Debug|ARM.Deploy.0 = Debug|ARM
		{A66F1BE6-8E28-4DD7-90FD-8CA97362693F}.Debug|iPhone.ActiveCfg = Debug|x86
		{A66F1BE6-8E28-4DD7-90FD-8CA97362693F}.Debug|iPhone.Build.0 = Debug|x86
		{A66F1BE6-8E28-4DD7-90FD-8CA97362693F}.Debug|iPhone.Deploy.0 = Debug|x86
		{A66F1BE6-8E28-4DD7-90FD-8CA97362693F}.Debug|iPhoneSimulator.ActiveCfg = Debug|x86
		{A66F1BE6-8E28-4DD7-90FD-8CA97362693F}.Debug|iPhoneSimulator.Build.0 = Debug|x86
		{A66F1BE6-8E28-4DD7-90FD-8CA97362693F}.Debug|iPhoneSimulator.Deploy.0 = Debug|x86
		{A66F1BE6-8E28-4DD7-90FD-8CA97362693F}.Debug|x64.ActiveCfg = Debug|x64
		{A66F1BE6-8E28-4DD7-90FD-8CA97362693F}.Debug|x64.Build.0 = Debug|x64
		{A66F1BE6-8E28-4DD7-90FD-8CA97362693F}.Debug|x64.Deploy.0 = Debug|x64
		{A66F1BE6-8E28-4DD7-90FD-8CA97362693F}.Debug|x86.ActiveCfg = Debug|x86
		{A66F1BE6-8E28-4DD7-90FD-8CA97362693F}.Debug|x86.Build.0 = Debug|x86
		{A66F1BE6-8E28-4DD7-90FD-8CA97362693F}.Debug|x86.Deploy.0 = Debug|x86
		{A66F1BE6-8E28-4DD7-90FD-8CA97362693F}.Release|Any CPU.ActiveCfg = Release|x86
		{A66F1BE6-8E28-4DD7-90FD-8CA97362693F}.Release|Any CPU.Build.0 = Release|x86
		{A66F1BE6-8E28-4DD7-90FD-8CA97362693F}.Release|Any CPU.Deploy.0 = Release|x86
		{A66F1BE6-8E28-4DD7-90FD-8CA97362693F}.Release|ARM.ActiveCfg = Release|ARM
		{A66F1BE6-8E28-4DD7-90FD-8CA97362693F}.Release|ARM.Build.0 = Release|ARM
		{A66F1BE6-8E28-4DD7-90FD-8CA97362693F}.Release|ARM.Deploy.0 = Release|ARM
		{A66F1BE6-8E28-4DD7-90FD-8CA97362693F}.Release|iPhone.ActiveCfg = Release|x86
		{A66F1BE6-8E28-4DD7-90FD-8CA97362693F}.Release|iPhone.Build.0 = Release|x86
		{A66F1BE6-8E28-4DD7-90FD-8CA97362693F}.Release|iPhone.Deploy.0 = Release|x86
		{A66F1BE6-8E28-4DD7-90FD-8CA97362693F}.Release|iPhoneSimulator.ActiveCfg = Release|x86
		{A66F1BE6-8E28-4DD7-90FD-8CA97362693F}.Release|iPhoneSimulator.Build.0 = Release|x86
		{A66F1BE6-8E28-4DD7-90FD-8CA97362693F}.Release|iPhoneSimulator.Deploy.0 = Release|x86
		{A66F1BE6-8E28-4DD7-90FD-8CA97362693F}.Release|x64.ActiveCfg = Release|x64
		{A66F1BE6-8E28-4DD7-90FD-8CA97362693F}.Release|x64.Build.0 = Release|x64
		{A66F1BE6-8E28-4DD7-90FD-8CA97362693F}.Release|x64.Deploy.0 = Release|x64
		{A66F1BE6-8E28-4DD7-90FD-8CA97362693F}.Release|x86.ActiveCfg = Release|x86
		{A66F1BE6-8E28-4DD7-90FD-8CA97362693F}.Release|x86.Build.0 = Release|x86
		{A66F1BE6-8E28-4DD7-90FD-8CA97362693F}.Release|x86.Deploy.0 = Release|x86
	EndGlobalSection
	GlobalSection(SolutionProperties) = preSolution
		HideSolutionNode = FALSE
	EndGlobalSection
	GlobalSection(ExtensibilityGlobals) = postSolution
		SolutionGuid = {7218BD62-0A64-4209-8854-26DF5C7F93D5}
	EndGlobalSection
EndGlobal
